{
    "_meta": {
        "hash": {
            "sha256": "058d3d1e7f736edd8ed46ecffd607ddb8d1622246933fef2122766fc3c1a42c4"
        },
        "pipfile-spec": 6,
        "requires": {
            "python_version": "3.6"
        },
        "sources": [
            {
                "name": "pypi",
                "url": "https://pypi.org/simple",
                "verify_ssl": true
            }
        ]
    },
    "default": {
        "appdirs": {
            "hashes": [
                "sha256:9e5896d1372858f8dd3344faf4e5014d21849c756c8d5701f78f8a103b372d92",
                "sha256:d8b24664561d0d34ddfaec54636d502d7cea6e29c3eaf68f3df6180863e2166e"
            ],
            "index": "pypi",
            "version": "==1.4.3"
        },
        "certifi": {
            "hashes": [
                "sha256:017c25db2a153ce562900032d5bc68e9f191e44e9a0f762f373977de9df1fbb3",
                "sha256:25b64c7da4cd7479594d035c08c2d809eb4aab3a26e5a990ea98cc450c320f1f"
            ],
            "version": "==2019.11.28"
        },
        "chardet": {
            "hashes": [
                "sha256:84ab92ed1c4d4f16916e05906b6b75a6c0fb5db821cc65e70cbd64a3e2a5eaae",
                "sha256:fc323ffcaeaed0e0a02bf4d117757b98aed530d9ed4531e3e15460124c106691"
            ],
            "version": "==3.0.4"
        },
        "idna": {
            "hashes": [
                "sha256:c357b3f628cf53ae2c4c05627ecc484553142ca23264e593d327bcde5e9c3407",
                "sha256:ea8b7f6188e6fa117537c3df7da9fc686d485087abf6ac197f9c46432f7e4a3c"
            ],
            "version": "==2.8"
        },
        "jellyfin-apiclient-python": {
            "editable": true,
            "git": "https://github.com/iwalton3/jellyfin-apiclient-python",
            "ref": "f1036cca3d8dad2d9c7e71356dc486e7f8dc1066"
        },
        "musicplayer": {
            "git": "https://github.com/n-peugnet/music-player-core.git",
            "ref": "2b5b524dd86e7685853197230cd85c1af82bd84c"
        },
        "pyside2": {
            "hashes": [
                "sha256:11bba54a62bcd9d7879d3e74cc54c0054c8c6dcdf011ecee9b47c5229cbd7af9",
                "sha256:578b727a5a254cfd509ea2f1fa31779f217a2a1d765c770727662dac950d60eb",
                "sha256:72feeb655958791383085bcb3154f6b3e193c1d66b6aa771c4244a6cafd62b7e",
                "sha256:77474e11c0bb3efa2d7e8506fe0f36049585ba911b8242e070b5f8978e5ba6f7",
                "sha256:c9f59e8c49a9a3b0cca04d8468becd8a562eb9ad0ac1d4d9a8622d2dfa3ce4c9",
                "sha256:ce43f98333443242cd3fe976d72fcb3acf6bb7fa40dd5949e59947a501d5dd72"
            ],
            "index": "pypi",
            "version": "==5.14.0"
        },
        "requests": {
            "hashes": [
                "sha256:11e007a8a2aa0323f5a921e9e6a2d7e4e67d9877e85773fba9ba6419025cbeb4",
                "sha256:9cf5292fcd0f598c671cfc1e0d7d1a7f13bb8085e9a590f48c010551dc6c4b31"
            ],
            "version": "==2.22.0"
        },
        "shiboken2": {
            "hashes": [
                "sha256:101fc366798f88cbff13586907f3755bebbd9304e66626fb6b0f6b28e0c9a5d2",
                "sha256:47c7c2652f578b37588e8b6daff3a852b3c88ae0f83be13886e4a74859e81763",
                "sha256:4f138656fc755399776062c89492d61f887d4e5fe7c78cded73917e80afcf2f5",
                "sha256:676fef81e4d95b02816fde7359c1f2604efa3edd34b05ab0da42c57c7555f7d7",
                "sha256:a88267c7cc17501effc6b1b36d85e7ab28173af939b975ea42716ed12493b478",
                "sha256:ab3ba84784c9641a11a21a8c64d494fa8b57be25e081e77f76747d543699f03c"
            ],
            "version": "==5.14.0"
        },
        "six": {
            "hashes": [
                "sha256:236bdbdce46e6e6a3d61a337c0f8b763ca1e8717c03b369e87a7ec7ce1319c0a",
                "sha256:8f3cd2e254d8f793e7f3d6d9df77b92252b52637291d0f0da013c76ea2724b6c"
            ],
            "version": "==1.14.0"
        },
        "urllib3": {
            "hashes": [
                "sha256:2f3db8b19923a873b3e5256dc9c2dedfa883e33d87c690d9c7913e1f40673cdc",
                "sha256:87716c2d2a7121198ebcb7ce7cccf6ce5e9ba539041cfbaeecfb641dc0bf6acc"
            ],
            "version": "==1.25.8"
        },
        "websocket-client": {
            "hashes": [
                "sha256:0fc45c961324d79c781bab301359d5a1b00b13ad1b10415a4780229ef71a5549",
                "sha256:d735b91d6d1692a6a181f2a8c9e0238e5f6373356f561bb9dc4c7af36f452010"
            ],
            "version": "==0.57.0"
        }
    },
    "develop": {}
}
